
Microsoft Visual Studio Solution File, Format Version 12.00
# Visual Studio 15
VisualStudioVersion = 15.0.28307.2092
MinimumVisualStudioVersion = 10.0.40219.1
Project("{8BC9CEB8-8B4A-11D0-8D11-00A0C91BC942}") = "P07", "P07\P07.vcxproj", "{DBD5AC06-3300-4EC0-8C36-7B8F1F85F6AD}"
EndProject
Global
	GlobalSection(SolutionConfigurationPlatforms) = preSolution
		Debug|x64 = Debug|x64
		Debug|x86 = Debug|x86
		Release|x64 = Release|x64
		Release|x86 = Release|x86
	EndGlobalSection
	GlobalSection(ProjectConfigurationPlatforms) = postSolution
		{DBD5AC06-3300-4EC0-8C36-7B8F1F85F6AD}.Debug|x64.ActiveCfg = Debug|x64
		{DBD5AC06-3300-4EC0-8C36-7B8F1F85F6AD}.Debug|x64.Build.0 = Debug|x64
		{DBD5AC06-3300-4EC0-8C36-7B8F1F85F6AD}.Debug|x86.ActiveCfg = Debug|Win32
		{DBD5AC06-3300-4EC0-8C36-7B8F1F85F6AD}.Debug|x86.Build.0 = Debug|Win32
		{DBD5AC06-3300-4EC0-8C36-7B8F1F85F6AD}.Release|x64.ActiveCfg = Release|x64
		{DBD5AC06-3300-4EC0-8C36-7B8F1F85F6AD}.Release|x64.Build.0 = Release|x64
		{DBD5AC06-3300-4EC0-8C36-7B8F1F85F6AD}.Release|x86.ActiveCfg = Release|Win32
		{DBD5AC06-3300-4EC0-8C36-7B8F1F85F6AD}.Release|x86.Build.0 = Release|Win32
	EndGlobalSection
	GlobalSection(SolutionProperties) = preSolution
		HideSolutionNode = FALSE
	EndGlobalSection
	GlobalSection(ExtensibilityGlobals) = postSolution
		SolutionGuid = {D7F783AC-002A-4AA6-9509-F93D45AB33AF}
	EndGlobalSection
EndGlobal
